{
  "nodes": {
    "darwin": {
      "inputs": {
        "nixpkgs": [
          "nixpkgs"
        ]
      },
      "locked": {
        "lastModified": 1647173930,
        "narHash": "sha256-8oca3Pc68VrCp8HeOtHmzs5g0rdQnPO9beDEEZJ02W0=",
        "owner": "LnL7",
        "repo": "nix-darwin",
        "rev": "17fbc68a6110edbff67e55f7450230a697ecb17e",
        "type": "github"
      },
      "original": {
        "owner": "LnL7",
        "repo": "nix-darwin",
        "type": "github"
      }
    },
    "forgit-git": {
      "flake": false,
      "locked": {
        "lastModified": 1647969267,
        "narHash": "sha256-ABx3aNeVtqQqk1MQtOCeRUegJAS9DOx/sRPkdCX0eWw=",
        "owner": "wfxr",
        "repo": "forgit",
        "rev": "eddeea869d3ccdbefd71bf25b74f1921b26a06be",
        "type": "github"
      },
      "original": {
        "owner": "wfxr",
        "repo": "forgit",
        "type": "github"
      }
    },
    "home-manager": {
      "inputs": {
        "nixpkgs": [
          "nixpkgs"
        ]
      },
      "locked": {
        "lastModified": 1647979468,
        "narHash": "sha256-mavkG6rOyM5NPcb/hEmZQwRZaJeaa7XFfWTWf0TNCo0=",
        "owner": "nix-community",
        "repo": "home-manager",
        "rev": "48a1584d8ba427dd9d74e2b2b842c70a6dd9c4fa",
        "type": "github"
      },
      "original": {
        "owner": "nix-community",
        "repo": "home-manager",
        "type": "github"
      }
    },
    "nixpkgs": {
      "locked": {
        "lastModified": 1647350163,
        "narHash": "sha256-OcMI+PFEHTONthXuEQNddt16Ml7qGvanL3x8QOl2Aao=",
        "owner": "NixOS",
        "repo": "nixpkgs",
        "rev": "3eb07eeafb52bcbf02ce800f032f18d666a9498d",
        "type": "github"
      },
      "original": {
        "id": "nixpkgs",
        "ref": "nixpkgs-unstable",
        "type": "indirect"
      }
    },
    "root": {
      "inputs": {
        "darwin": "darwin",
        "forgit-git": "forgit-git",
        "home-manager": "home-manager",
        "nixpkgs": "nixpkgs",
        "spacebar": "spacebar"
      }
    },
    "spacebar": {
      "inputs": {
        "nixpkgs": [
          "nixpkgs"
        ]
      },
      "locked": {
        "lastModified": 1619365544,
        "narHash": "sha256-f72eQ5KrsBPKlCCENDeTA+Lkqik/ps2xotS2CrEpMpM=",
        "owner": "cmacrae",
        "repo": "spacebar",
        "rev": "96e210e579c1f7a0ce80074e0f22b73e7a7cef00",
        "type": "github"
      },
      "original": {
        "owner": "cmacrae",
        "ref": "v1.3.0",
        "repo": "spacebar",
        "type": "github"
      }
    }
  },
  "root": "root",
  "version": 7
}
