{
  "nodes": {
    "darwin": {
      "inputs": {
        "nixpkgs": [
          "nixpkgs"
        ]
      },
      "locked": {
        "lastModified": 1640117230,
        "narHash": "sha256-W7LXeJavyIzNfNaoEsK65sEaCGqE9MVWvK0xSzNR4ls=",
        "owner": "LnL7",
        "repo": "nix-darwin",
        "rev": "5851d9613edf8b2279746c7e5b9faac55ff17e8a",
        "type": "github"
      },
      "original": {
        "owner": "LnL7",
        "repo": "nix-darwin",
        "type": "github"
      }
    },
    "forgit-git": {
      "flake": false,
      "locked": {
        "lastModified": 1638746453,
        "narHash": "sha256-S/alL3CiyedJ8aGhC2Vg9fmLJYcLxDe4EjQns5dZkKM=",
        "owner": "wfxr",
        "repo": "forgit",
        "rev": "7b26cd46ac768af51b8dd4b84b6567c4e1c19642",
        "type": "github"
      },
      "original": {
        "owner": "wfxr",
        "repo": "forgit",
        "type": "github"
      }
    },
    "home-manager": {
      "inputs": {
        "nixpkgs": [
          "nixpkgs"
        ]
      },
      "locked": {
        "lastModified": 1640126586,
        "narHash": "sha256-Brja0wQZFSl+hduOcBfE/oVPs0QattbILSMHC7/9fEg=",
        "owner": "nix-community",
        "repo": "home-manager",
        "rev": "1b03a8ab7af9385b70b7d7c319c4a31a58c5cfa5",
        "type": "github"
      },
      "original": {
        "owner": "nix-community",
        "repo": "home-manager",
        "type": "github"
      }
    },
    "nixpkgs": {
      "locked": {
        "lastModified": 1640090545,
        "narHash": "sha256-6qiF46uBGoSQmjDTFl8ilT+d1DuK39IRHlj0jE5gqZE=",
        "owner": "NixOS",
        "repo": "nixpkgs",
        "rev": "1dd151f0c0c216f416e9553af08f724a2499c795",
        "type": "github"
      },
      "original": {
        "id": "nixpkgs",
        "ref": "nixpkgs-unstable",
        "type": "indirect"
      }
    },
    "root": {
      "inputs": {
        "darwin": "darwin",
        "forgit-git": "forgit-git",
        "home-manager": "home-manager",
        "nixpkgs": "nixpkgs",
        "spacebar": "spacebar"
      }
    },
    "spacebar": {
      "inputs": {
        "nixpkgs": [
          "nixpkgs"
        ]
      },
      "locked": {
        "lastModified": 1619365544,
        "narHash": "sha256-f72eQ5KrsBPKlCCENDeTA+Lkqik/ps2xotS2CrEpMpM=",
        "owner": "cmacrae",
        "repo": "spacebar",
        "rev": "96e210e579c1f7a0ce80074e0f22b73e7a7cef00",
        "type": "github"
      },
      "original": {
        "owner": "cmacrae",
        "ref": "v1.3.0",
        "repo": "spacebar",
        "type": "github"
      }
    }
  },
  "root": "root",
  "version": 7
}
